
Microsoft Visual Studio Solution File, Format Version 12.00
# Visual Studio Version 17
VisualStudioVersion = 17.5.002.0
MinimumVisualStudioVersion = 10.0.40219.1
Project("{9A19103F-16F7-4668-BE54-9A1E7A4F7556}") = "TapGameAPI", "TapGameAPI.csproj", "{C0D2980D-98FA-458B-B655-CD2839B02237}"
EndProject
Global
	GlobalSection(SolutionConfigurationPlatforms) = preSolution
		Debug|Any CPU = Debug|Any CPU
		Release|Any CPU = Release|Any CPU
	EndGlobalSection
	GlobalSection(ProjectConfigurationPlatforms) = postSolution
		{C0D2980D-98FA-458B-B655-CD2839B02237}.Debug|Any CPU.ActiveCfg = Debug|Any CPU
		{C0D2980D-98FA-458B-B655-CD2839B02237}.Debug|Any CPU.Build.0 = Debug|Any CPU
		{C0D2980D-98FA-458B-B655-CD2839B02237}.Release|Any CPU.ActiveCfg = Release|Any CPU
		{C0D2980D-98FA-458B-B655-CD2839B02237}.Release|Any CPU.Build.0 = Release|Any CPU
	EndGlobalSection
	GlobalSection(SolutionProperties) = preSolution
		HideSolutionNode = FALSE
	EndGlobalSection
	GlobalSection(ExtensibilityGlobals) = postSolution
		SolutionGuid = {8878C82F-7C21-44C7-A537-DEE0D9800AB1}
	EndGlobalSection
EndGlobal
